Microsoft Visual Studio Solution File, Format Version 12.00
# Visual Studio Version 17
VisualStudioVersion = 17.5.2.0
MinimumVisualStudioVersion = 10.0.40219.1
Project("{FAE04EC0-301F-11D3-BF4B-00C04F79EFBC}") = "WebFarmaciaMiguetti", "WebFarmaciaMiguetti.csproj", "{F1ED25C5-85B4-EF9C-A6A0-281BF4C6E23D}"
EndProject
Global
	GlobalSection(SolutionConfigurationPlatforms) = preSolution
		Debug|Any CPU = Debug|Any CPU
		Release|Any CPU = Release|Any CPU
	EndGlobalSection
	GlobalSection(ProjectConfigurationPlatforms) = postSolution
		{F1ED25C5-85B4-EF9C-A6A0-281BF4C6E23D}.Debug|Any CPU.ActiveCfg = Debug|Any CPU
		{F1ED25C5-85B4-EF9C-A6A0-281BF4C6E23D}.Debug|Any CPU.Build.0 = Debug|Any CPU
		{F1ED25C5-85B4-EF9C-A6A0-281BF4C6E23D}.Release|Any CPU.ActiveCfg = Release|Any CPU
		{F1ED25C5-85B4-EF9C-A6A0-281BF4C6E23D}.Release|Any CPU.Build.0 = Release|Any CPU
	EndGlobalSection
	GlobalSection(SolutionProperties) = preSolution
		HideSolutionNode = FALSE
	EndGlobalSection
	GlobalSection(ExtensibilityGlobals) = postSolution
		SolutionGuid = {51F910DF-3C13-471F-B549-CA9E4CD2C2E1}
	EndGlobalSection
EndGlobal
